{
  "name": "hello-node",
  "version": "0.0.1",
  "lockfileVersion": 3,
  "requires": true,
  "packages": {
    "": {
      "name": "hello-node",
      "version": "0.0.1",
      "license": "MIT",
      "dependencies": {
        "area-of-square": "^1.0.1"
      }
    },
    "node_modules/area-of-square": {
      "version": "1.0.1",
      "resolved": "https://registry.npmjs.org/area-of-square/-/area-of-square-1.0.1.tgz",
      "integrity": "sha512-7+s4qCYotpH4XgC5Q/dmhtal5qvU5glVFEyN5FkbdbhMYozHAFwYzE4H/xh/p1uhR9HrjBF4/w3RzoWWwRio6Q=="
    }
  }
}
